
Microsoft Visual Studio Solution File, Format Version 12.00
# Visual Studio Version 17
VisualStudioVersion = 17.10.34825.169
MinimumVisualStudioVersion = 10.0.40219.1
Project("{2150E333-8FDC-42A3-9474-1A3956D46DE8}") = "Itens de Solução", "Itens de Solução", "{D09B3A6A-F0AB-4D0A-886A-0E4917B00544}"
	ProjectSection(SolutionItems) = preProject
		.gitignore = .gitignore
		docker-compose.yml = docker-compose.yml
		README.md = README.md
	EndProjectSection
EndProject
Project("{FAE04EC0-301F-11D3-BF4B-00C04F79EFBC}") = "API", "API\API.csproj", "{E5705719-5A66-4AF4-A81D-E075AF451ECB}"
EndProject
Global
	GlobalSection(SolutionConfigurationPlatforms) = preSolution
		Debug|Any CPU = Debug|Any CPU
		Release|Any CPU = Release|Any CPU
	EndGlobalSection
	GlobalSection(ProjectConfigurationPlatforms) = postSolution
		{E5705719-5A66-4AF4-A81D-E075AF451ECB}.Debug|Any CPU.ActiveCfg = Debug|Any CPU
		{E5705719-5A66-4AF4-A81D-E075AF451ECB}.Debug|Any CPU.Build.0 = Debug|Any CPU
		{E5705719-5A66-4AF4-A81D-E075AF451ECB}.Release|Any CPU.ActiveCfg = Release|Any CPU
		{E5705719-5A66-4AF4-A81D-E075AF451ECB}.Release|Any CPU.Build.0 = Release|Any CPU
	EndGlobalSection
	GlobalSection(SolutionProperties) = preSolution
		HideSolutionNode = FALSE
	EndGlobalSection
	GlobalSection(ExtensibilityGlobals) = postSolution
		SolutionGuid = {00929829-49AE-4F19-92C8-A23046B9ECE3}
	EndGlobalSection
EndGlobal
